
Microsoft Visual Studio Solution File, Format Version 12.00
# Visual Studio Version 17
VisualStudioVersion = 17.8.34408.163
MinimumVisualStudioVersion = 10.0.40219.1
Project("{FAE04EC0-301F-11D3-BF4B-00C04F79EFBC}") = "HelloCS", "HelloCS\HelloCS.csproj", "{2C47ADCC-1694-43BF-A5B8-425FE7265387}"
EndProject
Project("{FAE04EC0-301F-11D3-BF4B-00C04F79EFBC}") = "AboutMyEnviroment", "AboutMyEnviroment\AboutMyEnviroment.csproj", "{115BC88A-7D4D-4293-8AD0-CD64E1C4407B}"
EndProject
Global
	GlobalSection(SolutionConfigurationPlatforms) = preSolution
		Debug|Any CPU = Debug|Any CPU
		Release|Any CPU = Release|Any CPU
	EndGlobalSection
	GlobalSection(ProjectConfigurationPlatforms) = postSolution
		{2C47ADCC-1694-43BF-A5B8-425FE7265387}.Debug|Any CPU.ActiveCfg = Debug|Any CPU
		{2C47ADCC-1694-43BF-A5B8-425FE7265387}.Debug|Any CPU.Build.0 = Debug|Any CPU
		{2C47ADCC-1694-43BF-A5B8-425FE7265387}.Release|Any CPU.ActiveCfg = Release|Any CPU
		{2C47ADCC-1694-43BF-A5B8-425FE7265387}.Release|Any CPU.Build.0 = Release|Any CPU
		{115BC88A-7D4D-4293-8AD0-CD64E1C4407B}.Debug|Any CPU.ActiveCfg = Debug|Any CPU
		{115BC88A-7D4D-4293-8AD0-CD64E1C4407B}.Debug|Any CPU.Build.0 = Debug|Any CPU
		{115BC88A-7D4D-4293-8AD0-CD64E1C4407B}.Release|Any CPU.ActiveCfg = Release|Any CPU
		{115BC88A-7D4D-4293-8AD0-CD64E1C4407B}.Release|Any CPU.Build.0 = Release|Any CPU
	EndGlobalSection
	GlobalSection(SolutionProperties) = preSolution
		HideSolutionNode = FALSE
	EndGlobalSection
	GlobalSection(ExtensibilityGlobals) = postSolution
		SolutionGuid = {F6F8F8B5-3CA9-4286-A6B7-AFEF7FD07318}
	EndGlobalSection
EndGlobal
